
Microsoft Visual Studio Solution File, Format Version 12.00
# Visual Studio Version 17
VisualStudioVersion = 17.9.34728.123
MinimumVisualStudioVersion = 10.0.40219.1
Project("{FAE04EC0-301F-11D3-BF4B-00C04F79EFBC}") = "ComputerDatabase", "ComputerDatabase\ComputerDatabase.csproj", "{9367F345-DF01-4DF5-A953-500D04FF62E7}"
EndProject
Global
	GlobalSection(SolutionConfigurationPlatforms) = preSolution
		Debug|Any CPU = Debug|Any CPU
		Release|Any CPU = Release|Any CPU
	EndGlobalSection
	GlobalSection(ProjectConfigurationPlatforms) = postSolution
		{9367F345-DF01-4DF5-A953-500D04FF62E7}.Debug|Any CPU.ActiveCfg = Debug|Any CPU
		{9367F345-DF01-4DF5-A953-500D04FF62E7}.Debug|Any CPU.Build.0 = Debug|Any CPU
		{9367F345-DF01-4DF5-A953-500D04FF62E7}.Release|Any CPU.ActiveCfg = Release|Any CPU
		{9367F345-DF01-4DF5-A953-500D04FF62E7}.Release|Any CPU.Build.0 = Release|Any CPU
	EndGlobalSection
	GlobalSection(SolutionProperties) = preSolution
		HideSolutionNode = FALSE
	EndGlobalSection
	GlobalSection(ExtensibilityGlobals) = postSolution
		SolutionGuid = {087A1925-1884-4FF5-8006-FAAF32BD5590}
	EndGlobalSection
EndGlobal
